// !$*UTF8*$!
{
	archiveVersion = 1;
	classes = {
	};
	objectVersion = 46;
	objects = {

/* Begin PBXBuildFile section */
		AC4D44A71E65717A0062105C /* TuioPoint.swift in Sources */ = {isa = PBXBuildFile; fileRef = AC4D449F1E65717A0062105C /* TuioPoint.swift */; };
		AC4D44A81E65717A0062105C /* TuioTime.swift in Sources */ = {isa = PBXBuildFile; fileRef = AC4D44A01E65717A0062105C /* TuioTime.swift */; };
		AC4D44A91E65717A0062105C /* TuioContainer.swift in Sources */ = {isa = PBXBuildFile; fileRef = AC4D44A11E65717A0062105C /* TuioContainer.swift */; };
		AC4D44AA1E65717A0062105C /* Queue.swift in Sources */ = {isa = PBXBuildFile; fileRef = AC4D44A21E65717A0062105C /* Queue.swift */; };
		AC4D44AB1E65717A0062105C /* TuioListener.swift in Sources */ = {isa = PBXBuildFile; fileRef = AC4D44A31E65717A0062105C /* TuioListener.swift */; };
		AC4D44AC1E65717A0062105C /* TuioBlob.swift in Sources */ = {isa = PBXBuildFile; fileRef = AC4D44A41E65717A0062105C /* TuioBlob.swift */; };
		AC4D44AD1E65717A0062105C /* TuioCursor.swift in Sources */ = {isa = PBXBuildFile; fileRef = AC4D44A51E65717A0062105C /* TuioCursor.swift */; };
		AC4D44AE1E65717A0062105C /* TuioObject.swift in Sources */ = {isa = PBXBuildFile; fileRef = AC4D44A61E65717A0062105C /* TuioObject.swift */; };
		AC4D44B01E65755E0062105C /* TUIOServer.swift in Sources */ = {isa = PBXBuildFile; fileRef = AC4D44AF1E65755E0062105C /* TUIOServer.swift */; };
		AC4D44B21E6578E80062105C /* Tangible.swift in Sources */ = {isa = PBXBuildFile; fileRef = AC4D44B11E6578E80062105C /* Tangible.swift */; };
		AC4D44B41E657AC20062105C /* Point2D.swift in Sources */ = {isa = PBXBuildFile; fileRef = AC4D44B31E657AC20062105C /* Point2D.swift */; };
		AC4D44B71E659F160062105C /* Manager.swift in Sources */ = {isa = PBXBuildFile; fileRef = AC4D44B61E659F160062105C /* Manager.swift */; };
		AC4D44B91E65A0430062105C /* Finger.swift in Sources */ = {isa = PBXBuildFile; fileRef = AC4D44B81E65A0430062105C /* Finger.swift */; };
		ACA3B0601E5F344300AE8C30 /* main.swift in Sources */ = {isa = PBXBuildFile; fileRef = ACA3B05F1E5F344300AE8C30 /* main.swift */; };
		ACA3B08A1E5F346300AE8C30 /* F53OSCBundle.m in Sources */ = {isa = PBXBuildFile; fileRef = ACA3B0691E5F346300AE8C30 /* F53OSCBundle.m */; };
		ACA3B08B1E5F346300AE8C30 /* F53OSCClient.m in Sources */ = {isa = PBXBuildFile; fileRef = ACA3B06B1E5F346300AE8C30 /* F53OSCClient.m */; };
		ACA3B08C1E5F346300AE8C30 /* F53OSCMessage.m in Sources */ = {isa = PBXBuildFile; fileRef = ACA3B06E1E5F346300AE8C30 /* F53OSCMessage.m */; };
		ACA3B08D1E5F346300AE8C30 /* F53OSCPacket.m in Sources */ = {isa = PBXBuildFile; fileRef = ACA3B0701E5F346300AE8C30 /* F53OSCPacket.m */; };
		ACA3B08E1E5F346300AE8C30 /* F53OSCParser.m in Sources */ = {isa = PBXBuildFile; fileRef = ACA3B0721E5F346300AE8C30 /* F53OSCParser.m */; };
		ACA3B08F1E5F346300AE8C30 /* F53OSCServer.m in Sources */ = {isa = PBXBuildFile; fileRef = ACA3B0751E5F346300AE8C30 /* F53OSCServer.m */; };
		ACA3B0901E5F346300AE8C30 /* F53OSCSocket.m in Sources */ = {isa = PBXBuildFile; fileRef = ACA3B0771E5F346300AE8C30 /* F53OSCSocket.m */; };
		ACA3B0911E5F346300AE8C30 /* F53OSCTimeTag.m in Sources */ = {isa = PBXBuildFile; fileRef = ACA3B0791E5F346300AE8C30 /* F53OSCTimeTag.m */; };
		ACA3B0921E5F346300AE8C30 /* GCDAsyncSocket.m in Sources */ = {isa = PBXBuildFile; fileRef = ACA3B07B1E5F346300AE8C30 /* GCDAsyncSocket.m */; };
		ACA3B0931E5F346300AE8C30 /* GCDAsyncUdpSocket.m in Sources */ = {isa = PBXBuildFile; fileRef = ACA3B07D1E5F346300AE8C30 /* GCDAsyncUdpSocket.m */; };
		ACA3B0951E5F346300AE8C30 /* NSData+F53OSCBlob.m in Sources */ = {isa = PBXBuildFile; fileRef = ACA3B0821E5F346300AE8C30 /* NSData+F53OSCBlob.m */; };
		ACA3B0961E5F346300AE8C30 /* NSDate+F53OSCTimeTag.m in Sources */ = {isa = PBXBuildFile; fileRef = ACA3B0841E5F346300AE8C30 /* NSDate+F53OSCTimeTag.m */; };
		ACA3B0971E5F346300AE8C30 /* NSNumber+F53OSCNumber.m in Sources */ = {isa = PBXBuildFile; fileRef = ACA3B0861E5F346300AE8C30 /* NSNumber+F53OSCNumber.m */; };
		ACA3B0981E5F346300AE8C30 /* NSString+F53OSCString.m in Sources */ = {isa = PBXBuildFile; fileRef = ACA3B0881E5F346300AE8C30 /* NSString+F53OSCString.m */; };
		ACA3B0991E5F346300AE8C30 /* README.markdown in Sources */ = {isa = PBXBuildFile; fileRef = ACA3B0891E5F346300AE8C30 /* README.markdown */; };
		ACA3B0A21E5F3FCC00AE8C30 /* TUIOClient.swift in Sources */ = {isa = PBXBuildFile; fileRef = ACA3B0A11E5F3FCC00AE8C30 /* TUIOClient.swift */; };
		ACF6F68E1EA6382200F3473C /* MyListener.swift in Sources */ = {isa = PBXBuildFile; fileRef = ACF6F68D1EA6382200F3473C /* MyListener.swift */; };
/* End PBXBuildFile section */

/* Begin PBXCopyFilesBuildPhase section */
		ACA3B05A1E5F344300AE8C30 /* CopyFiles */ = {
			isa = PBXCopyFilesBuildPhase;
			buildActionMask = 2147483647;
			dstPath = /usr/share/man/man1/;
			dstSubfolderSpec = 0;
			files = (
			);
			runOnlyForDeploymentPostprocessing = 1;
		};
/* End PBXCopyFilesBuildPhase section */

/* Begin PBXFileReference section */
		AC4D449F1E65717A0062105C /* TuioPoint.swift */ = {isa = PBXFileReference; fileEncoding = 4; lastKnownFileType = sourcecode.swift; path = TuioPoint.swift; sourceTree = "<group>"; };
		AC4D44A01E65717A0062105C /* TuioTime.swift */ = {isa = PBXFileReference; fileEncoding = 4; lastKnownFileType = sourcecode.swift; path = TuioTime.swift; sourceTree = "<group>"; };
		AC4D44A11E65717A0062105C /* TuioContainer.swift */ = {isa = PBXFileReference; fileEncoding = 4; lastKnownFileType = sourcecode.swift; path = TuioContainer.swift; sourceTree = "<group>"; };
		AC4D44A21E65717A0062105C /* Queue.swift */ = {isa = PBXFileReference; fileEncoding = 4; lastKnownFileType = sourcecode.swift; path = Queue.swift; sourceTree = "<group>"; };
		AC4D44A31E65717A0062105C /* TuioListener.swift */ = {isa = PBXFileReference; fileEncoding = 4; lastKnownFileType = sourcecode.swift; path = TuioListener.swift; sourceTree = "<group>"; };
		AC4D44A41E65717A0062105C /* TuioBlob.swift */ = {isa = PBXFileReference; fileEncoding = 4; lastKnownFileType = sourcecode.swift; path = TuioBlob.swift; sourceTree = "<group>"; };
		AC4D44A51E65717A0062105C /* TuioCursor.swift */ = {isa = PBXFileReference; fileEncoding = 4; lastKnownFileType = sourcecode.swift; path = TuioCursor.swift; sourceTree = "<group>"; };
		AC4D44A61E65717A0062105C /* TuioObject.swift */ = {isa = PBXFileReference; fileEncoding = 4; lastKnownFileType = sourcecode.swift; path = TuioObject.swift; sourceTree = "<group>"; };
		AC4D44AF1E65755E0062105C /* TUIOServer.swift */ = {isa = PBXFileReference; fileEncoding = 4; lastKnownFileType = sourcecode.swift; path = TUIOServer.swift; sourceTree = "<group>"; };
		AC4D44B11E6578E80062105C /* Tangible.swift */ = {isa = PBXFileReference; fileEncoding = 4; lastKnownFileType = sourcecode.swift; path = Tangible.swift; sourceTree = "<group>"; };
		AC4D44B31E657AC20062105C /* Point2D.swift */ = {isa = PBXFileReference; fileEncoding = 4; lastKnownFileType = sourcecode.swift; path = Point2D.swift; sourceTree = "<group>"; };
		AC4D44B61E659F160062105C /* Manager.swift */ = {isa = PBXFileReference; fileEncoding = 4; lastKnownFileType = sourcecode.swift; path = Manager.swift; sourceTree = "<group>"; };
		AC4D44B81E65A0430062105C /* Finger.swift */ = {isa = PBXFileReference; fileEncoding = 4; lastKnownFileType = sourcecode.swift; path = Finger.swift; sourceTree = "<group>"; };
		ACA3B05C1E5F344300AE8C30 /* TUIOSwift */ = {isa = PBXFileReference; explicitFileType = "compiled.mach-o.executable"; includeInIndex = 0; path = TUIOSwift; sourceTree = BUILT_PRODUCTS_DIR; };
		ACA3B05F1E5F344300AE8C30 /* main.swift */ = {isa = PBXFileReference; lastKnownFileType = sourcecode.swift; path = main.swift; sourceTree = "<group>"; };
		ACA3B0681E5F346300AE8C30 /* F53OSCBundle.h */ = {isa = PBXFileReference; fileEncoding = 4; lastKnownFileType = sourcecode.c.h; path = F53OSCBundle.h; sourceTree = "<group>"; };
		ACA3B0691E5F346300AE8C30 /* F53OSCBundle.m */ = {isa = PBXFileReference; fileEncoding = 4; lastKnownFileType = sourcecode.c.objc; path = F53OSCBundle.m; sourceTree = "<group>"; };
		ACA3B06A1E5F346300AE8C30 /* F53OSCClient.h */ = {isa = PBXFileReference; fileEncoding = 4; lastKnownFileType = sourcecode.c.h; path = F53OSCClient.h; sourceTree = "<group>"; };
		ACA3B06B1E5F346300AE8C30 /* F53OSCClient.m */ = {isa = PBXFileReference; fileEncoding = 4; lastKnownFileType = sourcecode.c.objc; path = F53OSCClient.m; sourceTree = "<group>"; };
		ACA3B06C1E5F346300AE8C30 /* F53OSCFoundationAdditions.h */ = {isa = PBXFileReference; fileEncoding = 4; lastKnownFileType = sourcecode.c.h; path = F53OSCFoundationAdditions.h; sourceTree = "<group>"; };
		ACA3B06D1E5F346300AE8C30 /* F53OSCMessage.h */ = {isa = PBXFileReference; fileEncoding = 4; lastKnownFileType = sourcecode.c.h; path = F53OSCMessage.h; sourceTree = "<group>"; };
		ACA3B06E1E5F346300AE8C30 /* F53OSCMessage.m */ = {isa = PBXFileReference; fileEncoding = 4; lastKnownFileType = sourcecode.c.objc; path = F53OSCMessage.m; sourceTree = "<group>"; };
		ACA3B06F1E5F346300AE8C30 /* F53OSCPacket.h */ = {isa = PBXFileReference; fileEncoding = 4; lastKnownFileType = sourcecode.c.h; path = F53OSCPacket.h; sourceTree = "<group>"; };
		ACA3B0701E5F346300AE8C30 /* F53OSCPacket.m */ = {isa = PBXFileReference; fileEncoding = 4; lastKnownFileType = sourcecode.c.objc; path = F53OSCPacket.m; sourceTree = "<group>"; };
		ACA3B0711E5F346300AE8C30 /* F53OSCParser.h */ = {isa = PBXFileReference; fileEncoding = 4; lastKnownFileType = sourcecode.c.h; path = F53OSCParser.h; sourceTree = "<group>"; };
		ACA3B0721E5F346300AE8C30 /* F53OSCParser.m */ = {isa = PBXFileReference; fileEncoding = 4; lastKnownFileType = sourcecode.c.objc; path = F53OSCParser.m; sourceTree = "<group>"; };
		ACA3B0731E5F346300AE8C30 /* F53OSCProtocols.h */ = {isa = PBXFileReference; fileEncoding = 4; lastKnownFileType = sourcecode.c.h; path = F53OSCProtocols.h; sourceTree = "<group>"; };
		ACA3B0741E5F346300AE8C30 /* F53OSCServer.h */ = {isa = PBXFileReference; fileEncoding = 4; lastKnownFileType = sourcecode.c.h; path = F53OSCServer.h; sourceTree = "<group>"; };
		ACA3B0751E5F346300AE8C30 /* F53OSCServer.m */ = {isa = PBXFileReference; fileEncoding = 4; lastKnownFileType = sourcecode.c.objc; path = F53OSCServer.m; sourceTree = "<group>"; };
		ACA3B0761E5F346300AE8C30 /* F53OSCSocket.h */ = {isa = PBXFileReference; fileEncoding = 4; lastKnownFileType = sourcecode.c.h; path = F53OSCSocket.h; sourceTree = "<group>"; };
		ACA3B0771E5F346300AE8C30 /* F53OSCSocket.m */ = {isa = PBXFileReference; fileEncoding = 4; lastKnownFileType = sourcecode.c.objc; path = F53OSCSocket.m; sourceTree = "<group>"; };
		ACA3B0781E5F346300AE8C30 /* F53OSCTimeTag.h */ = {isa = PBXFileReference; fileEncoding = 4; lastKnownFileType = sourcecode.c.h; path = F53OSCTimeTag.h; sourceTree = "<group>"; };
		ACA3B0791E5F346300AE8C30 /* F53OSCTimeTag.m */ = {isa = PBXFileReference; fileEncoding = 4; lastKnownFileType = sourcecode.c.objc; path = F53OSCTimeTag.m; sourceTree = "<group>"; };
		ACA3B07A1E5F346300AE8C30 /* GCDAsyncSocket.h */ = {isa = PBXFileReference; fileEncoding = 4; lastKnownFileType = sourcecode.c.h; path = GCDAsyncSocket.h; sourceTree = "<group>"; };
		ACA3B07B1E5F346300AE8C30 /* GCDAsyncSocket.m */ = {isa = PBXFileReference; fileEncoding = 4; lastKnownFileType = sourcecode.c.objc; path = GCDAsyncSocket.m; sourceTree = "<group>"; };
		ACA3B07C1E5F346300AE8C30 /* GCDAsyncUdpSocket.h */ = {isa = PBXFileReference; fileEncoding = 4; lastKnownFileType = sourcecode.c.h; path = GCDAsyncUdpSocket.h; sourceTree = "<group>"; };
		ACA3B07D1E5F346300AE8C30 /* GCDAsyncUdpSocket.m */ = {isa = PBXFileReference; fileEncoding = 4; lastKnownFileType = sourcecode.c.objc; path = GCDAsyncUdpSocket.m; sourceTree = "<group>"; };
		ACA3B07E1E5F346300AE8C30 /* LICENSE.txt */ = {isa = PBXFileReference; fileEncoding = 4; lastKnownFileType = text; path = LICENSE.txt; sourceTree = "<group>"; };
		ACA3B0811E5F346300AE8C30 /* NSData+F53OSCBlob.h */ = {isa = PBXFileReference; fileEncoding = 4; lastKnownFileType = sourcecode.c.h; path = "NSData+F53OSCBlob.h"; sourceTree = "<group>"; };
		ACA3B0821E5F346300AE8C30 /* NSData+F53OSCBlob.m */ = {isa = PBXFileReference; fileEncoding = 4; lastKnownFileType = sourcecode.c.objc; path = "NSData+F53OSCBlob.m"; sourceTree = "<group>"; };
		ACA3B0831E5F346300AE8C30 /* NSDate+F53OSCTimeTag.h */ = {isa = PBXFileReference; fileEncoding = 4; lastKnownFileType = sourcecode.c.h; path = "NSDate+F53OSCTimeTag.h"; sourceTree = "<group>"; };
		ACA3B0841E5F346300AE8C30 /* NSDate+F53OSCTimeTag.m */ = {isa = PBXFileReference; fileEncoding = 4; lastKnownFileType = sourcecode.c.objc; path = "NSDate+F53OSCTimeTag.m"; sourceTree = "<group>"; };
		ACA3B0851E5F346300AE8C30 /* NSNumber+F53OSCNumber.h */ = {isa = PBXFileReference; fileEncoding = 4; lastKnownFileType = sourcecode.c.h; path = "NSNumber+F53OSCNumber.h"; sourceTree = "<group>"; };
		ACA3B0861E5F346300AE8C30 /* NSNumber+F53OSCNumber.m */ = {isa = PBXFileReference; fileEncoding = 4; lastKnownFileType = sourcecode.c.objc; path = "NSNumber+F53OSCNumber.m"; sourceTree = "<group>"; };
		ACA3B0871E5F346300AE8C30 /* NSString+F53OSCString.h */ = {isa = PBXFileReference; fileEncoding = 4; lastKnownFileType = sourcecode.c.h; path = "NSString+F53OSCString.h"; sourceTree = "<group>"; };
		ACA3B0881E5F346300AE8C30 /* NSString+F53OSCString.m */ = {isa = PBXFileReference; fileEncoding = 4; lastKnownFileType = sourcecode.c.objc; path = "NSString+F53OSCString.m"; sourceTree = "<group>"; };
		ACA3B0891E5F346300AE8C30 /* README.markdown */ = {isa = PBXFileReference; fileEncoding = 4; lastKnownFileType = net.daringfireball.markdown; path = README.markdown; sourceTree = "<group>"; };
		ACA3B09A1E5F34A600AE8C30 /* F53OSC.h */ = {isa = PBXFileReference; fileEncoding = 4; lastKnownFileType = sourcecode.c.h; path = F53OSC.h; sourceTree = "<group>"; };
		ACA3B09E1E5F3DE800AE8C30 /* TUIOSwift-Bridging-Header.h */ = {isa = PBXFileReference; fileEncoding = 4; lastKnownFileType = sourcecode.c.h; path = "TUIOSwift-Bridging-Header.h"; sourceTree = "<group>"; };
		ACA3B0A11E5F3FCC00AE8C30 /* TUIOClient.swift */ = {isa = PBXFileReference; fileEncoding = 4; lastKnownFileType = sourcecode.swift; path = TUIOClient.swift; sourceTree = "<group>"; };
		ACF6F68D1EA6382200F3473C /* MyListener.swift */ = {isa = PBXFileReference; fileEncoding = 4; lastKnownFileType = sourcecode.swift; path = MyListener.swift; sourceTree = "<group>"; };
/* End PBXFileReference section */

/* Begin PBXFrameworksBuildPhase section */
		ACA3B0591E5F344300AE8C30 /* Frameworks */ = {
			isa = PBXFrameworksBuildPhase;
			buildActionMask = 2147483647;
			files = (
			);
			runOnlyForDeploymentPostprocessing = 0;
		};
/* End PBXFrameworksBuildPhase section */

/* Begin PBXGroup section */
		AC4D44B51E659EF40062105C /* Simulator */ = {
			isa = PBXGroup;
			children = (
				AC4D44AF1E65755E0062105C /* TUIOServer.swift */,
				AC4D44B11E6578E80062105C /* Tangible.swift */,
				AC4D44B81E65A0430062105C /* Finger.swift */,
				AC4D44B31E657AC20062105C /* Point2D.swift */,
				AC4D44B61E659F160062105C /* Manager.swift */,
			);
			name = Simulator;
			sourceTree = "<group>";
		};
		ACA3B0531E5F344300AE8C30 = {
			isa = PBXGroup;
			children = (
				ACA3B05E1E5F344300AE8C30 /* TUIOSwift */,
				ACA3B05D1E5F344300AE8C30 /* Products */,
			);
			sourceTree = "<group>";
		};
		ACA3B05D1E5F344300AE8C30 /* Products */ = {
			isa = PBXGroup;
			children = (
				ACA3B05C1E5F344300AE8C30 /* TUIOSwift */,
			);
			name = Products;
			sourceTree = "<group>";
		};
		ACA3B05E1E5F344300AE8C30 /* TUIOSwift */ = {
			isa = PBXGroup;
			children = (
				AC4D449F1E65717A0062105C /* TuioPoint.swift */,
				AC4D44A01E65717A0062105C /* TuioTime.swift */,
				AC4D44A11E65717A0062105C /* TuioContainer.swift */,
				AC4D44A21E65717A0062105C /* Queue.swift */,
				AC4D44A31E65717A0062105C /* TuioListener.swift */,
				AC4D44A41E65717A0062105C /* TuioBlob.swift */,
				AC4D44A51E65717A0062105C /* TuioCursor.swift */,
				AC4D44A61E65717A0062105C /* TuioObject.swift */,
				ACA3B0661E5F346300AE8C30 /* MetatoneOSC */,
				ACA3B05F1E5F344300AE8C30 /* main.swift */,
				ACF6F68D1EA6382200F3473C /* MyListener.swift */,
				ACA3B0A11E5F3FCC00AE8C30 /* TUIOClient.swift */,
				AC4D44B51E659EF40062105C /* Simulator */,
			);
			path = TUIOSwift;
			sourceTree = "<group>";
		};
		ACA3B0661E5F346300AE8C30 /* MetatoneOSC */ = {
			isa = PBXGroup;
			children = (
				ACA3B09E1E5F3DE800AE8C30 /* TUIOSwift-Bridging-Header.h */,
				ACA3B09A1E5F34A600AE8C30 /* F53OSC.h */,
				ACA3B0681E5F346300AE8C30 /* F53OSCBundle.h */,
				ACA3B0691E5F346300AE8C30 /* F53OSCBundle.m */,
				ACA3B06A1E5F346300AE8C30 /* F53OSCClient.h */,
				ACA3B06B1E5F346300AE8C30 /* F53OSCClient.m */,
				ACA3B06C1E5F346300AE8C30 /* F53OSCFoundationAdditions.h */,
				ACA3B06D1E5F346300AE8C30 /* F53OSCMessage.h */,
				ACA3B06E1E5F346300AE8C30 /* F53OSCMessage.m */,
				ACA3B06F1E5F346300AE8C30 /* F53OSCPacket.h */,
				ACA3B0701E5F346300AE8C30 /* F53OSCPacket.m */,
				ACA3B0711E5F346300AE8C30 /* F53OSCParser.h */,
				ACA3B0721E5F346300AE8C30 /* F53OSCParser.m */,
				ACA3B0731E5F346300AE8C30 /* F53OSCProtocols.h */,
				ACA3B0741E5F346300AE8C30 /* F53OSCServer.h */,
				ACA3B0751E5F346300AE8C30 /* F53OSCServer.m */,
				ACA3B0761E5F346300AE8C30 /* F53OSCSocket.h */,
				ACA3B0771E5F346300AE8C30 /* F53OSCSocket.m */,
				ACA3B0781E5F346300AE8C30 /* F53OSCTimeTag.h */,
				ACA3B0791E5F346300AE8C30 /* F53OSCTimeTag.m */,
				ACA3B07A1E5F346300AE8C30 /* GCDAsyncSocket.h */,
				ACA3B07B1E5F346300AE8C30 /* GCDAsyncSocket.m */,
				ACA3B07C1E5F346300AE8C30 /* GCDAsyncUdpSocket.h */,
				ACA3B07D1E5F346300AE8C30 /* GCDAsyncUdpSocket.m */,
				ACA3B07E1E5F346300AE8C30 /* LICENSE.txt */,
				ACA3B0811E5F346300AE8C30 /* NSData+F53OSCBlob.h */,
				ACA3B0821E5F346300AE8C30 /* NSData+F53OSCBlob.m */,
				ACA3B0831E5F346300AE8C30 /* NSDate+F53OSCTimeTag.h */,
				ACA3B0841E5F346300AE8C30 /* NSDate+F53OSCTimeTag.m */,
				ACA3B0851E5F346300AE8C30 /* NSNumber+F53OSCNumber.h */,
				ACA3B0861E5F346300AE8C30 /* NSNumber+F53OSCNumber.m */,
				ACA3B0871E5F346300AE8C30 /* NSString+F53OSCString.h */,
				ACA3B0881E5F346300AE8C30 /* NSString+F53OSCString.m */,
				ACA3B0891E5F346300AE8C30 /* README.markdown */,
			);
			path = MetatoneOSC;
			sourceTree = "<group>";
		};
/* End PBXGroup section */

/* Begin PBXNativeTarget section */
		ACA3B05B1E5F344300AE8C30 /* TUIOSwift */ = {
			isa = PBXNativeTarget;
			buildConfigurationList = ACA3B0631E5F344300AE8C30 /* Build configuration list for PBXNativeTarget "TUIOSwift" */;
			buildPhases = (
				ACA3B0581E5F344300AE8C30 /* Sources */,
				ACA3B0591E5F344300AE8C30 /* Frameworks */,
				ACA3B05A1E5F344300AE8C30 /* CopyFiles */,
			);
			buildRules = (
			);
			dependencies = (
			);
			name = TUIOSwift;
			productName = TUIOSwift;
			productReference = ACA3B05C1E5F344300AE8C30 /* TUIOSwift */;
			productType = "com.apple.product-type.tool";
		};
/* End PBXNativeTarget section */

/* Begin PBXProject section */
		ACA3B0541E5F344300AE8C30 /* Project object */ = {
			isa = PBXProject;
			attributes = {
				LastSwiftUpdateCheck = 0820;
				LastUpgradeCheck = 0820;
				ORGANIZATIONNAME = grugru;
				TargetAttributes = {
					ACA3B05B1E5F344300AE8C30 = {
						CreatedOnToolsVersion = 8.2;
						DevelopmentTeam = J649878CHW;
						ProvisioningStyle = Automatic;
					};
				};
			};
			buildConfigurationList = ACA3B0571E5F344300AE8C30 /* Build configuration list for PBXProject "TUIOSwift" */;
			compatibilityVersion = "Xcode 3.2";
			developmentRegion = English;
			hasScannedForEncodings = 0;
			knownRegions = (
				en,
			);
			mainGroup = ACA3B0531E5F344300AE8C30;
			productRefGroup = ACA3B05D1E5F344300AE8C30 /* Products */;
			projectDirPath = "";
			projectRoot = "";
			targets = (
				ACA3B05B1E5F344300AE8C30 /* TUIOSwift */,
			);
		};
/* End PBXProject section */

/* Begin PBXSourcesBuildPhase section */
		ACA3B0581E5F344300AE8C30 /* Sources */ = {
			isa = PBXSourcesBuildPhase;
			buildActionMask = 2147483647;
			files = (
				ACA3B08B1E5F346300AE8C30 /* F53OSCClient.m in Sources */,
				AC4D44B21E6578E80062105C /* Tangible.swift in Sources */,
				AC4D44A91E65717A0062105C /* TuioContainer.swift in Sources */,
				ACA3B0951E5F346300AE8C30 /* NSData+F53OSCBlob.m in Sources */,
				AC4D44B91E65A0430062105C /* Finger.swift in Sources */,
				AC4D44AB1E65717A0062105C /* TuioListener.swift in Sources */,
				AC4D44AA1E65717A0062105C /* Queue.swift in Sources */,
				ACA3B0931E5F346300AE8C30 /* GCDAsyncUdpSocket.m in Sources */,
				ACA3B08E1E5F346300AE8C30 /* F53OSCParser.m in Sources */,
				ACF6F68E1EA6382200F3473C /* MyListener.swift in Sources */,
				ACA3B08A1E5F346300AE8C30 /* F53OSCBundle.m in Sources */,
				ACA3B08C1E5F346300AE8C30 /* F53OSCMessage.m in Sources */,
				ACA3B0961E5F346300AE8C30 /* NSDate+F53OSCTimeTag.m in Sources */,
				ACA3B0601E5F344300AE8C30 /* main.swift in Sources */,
				ACA3B0971E5F346300AE8C30 /* NSNumber+F53OSCNumber.m in Sources */,
				AC4D44A81E65717A0062105C /* TuioTime.swift in Sources */,
				ACA3B0A21E5F3FCC00AE8C30 /* TUIOClient.swift in Sources */,
				ACA3B0901E5F346300AE8C30 /* F53OSCSocket.m in Sources */,
				AC4D44B41E657AC20062105C /* Point2D.swift in Sources */,
				AC4D44AE1E65717A0062105C /* TuioObject.swift in Sources */,
				ACA3B0921E5F346300AE8C30 /* GCDAsyncSocket.m in Sources */,
				ACA3B0911E5F346300AE8C30 /* F53OSCTimeTag.m in Sources */,
				AC4D44AC1E65717A0062105C /* TuioBlob.swift in Sources */,
				AC4D44AD1E65717A0062105C /* TuioCursor.swift in Sources */,
				ACA3B08F1E5F346300AE8C30 /* F53OSCServer.m in Sources */,
				ACA3B08D1E5F346300AE8C30 /* F53OSCPacket.m in Sources */,
				AC4D44A71E65717A0062105C /* TuioPoint.swift in Sources */,
				ACA3B0981E5F346300AE8C30 /* NSString+F53OSCString.m in Sources */,
				AC4D44B71E659F160062105C /* Manager.swift in Sources */,
				AC4D44B01E65755E0062105C /* TUIOServer.swift in Sources */,
				ACA3B0991E5F346300AE8C30 /* README.markdown in Sources */,
			);
			runOnlyForDeploymentPostprocessing = 0;
		};
/* End PBXSourcesBuildPhase section */

/* Begin XCBuildConfiguration section */
		ACA3B0611E5F344300AE8C30 /* Debug */ = {
			isa = XCBuildConfiguration;
			buildSettings = {
				ALWAYS_SEARCH_USER_PATHS = NO;
				CLANG_ANALYZER_NONNULL = YES;
				CLANG_CXX_LANGUAGE_STANDARD = "gnu++0x";
				CLANG_CXX_LIBRARY = "libc++";
				CLANG_ENABLE_MODULES = YES;
				CLANG_ENABLE_OBJC_ARC = YES;
				CLANG_WARN_BOOL_CONVERSION = YES;
				CLANG_WARN_CONSTANT_CONVERSION = YES;
				CLANG_WARN_DIRECT_OBJC_ISA_USAGE = YES_ERROR;
				CLANG_WARN_DOCUMENTATION_COMMENTS = YES;
				CLANG_WARN_EMPTY_BODY = YES;
				CLANG_WARN_ENUM_CONVERSION = YES;
				CLANG_WARN_INFINITE_RECURSION = YES;
				CLANG_WARN_INT_CONVERSION = YES;
				CLANG_WARN_OBJC_ROOT_CLASS = YES_ERROR;
				CLANG_WARN_SUSPICIOUS_MOVE = YES;
				CLANG_WARN_UNREACHABLE_CODE = YES;
				CLANG_WARN__DUPLICATE_METHOD_MATCH = YES;
				CODE_SIGN_IDENTITY = "-";
				COPY_PHASE_STRIP = NO;
				DEBUG_INFORMATION_FORMAT = dwarf;
				ENABLE_STRICT_OBJC_MSGSEND = YES;
				ENABLE_TESTABILITY = YES;
				GCC_C_LANGUAGE_STANDARD = gnu99;
				GCC_DYNAMIC_NO_PIC = NO;
				GCC_NO_COMMON_BLOCKS = YES;
				GCC_OPTIMIZATION_LEVEL = 0;
				GCC_PREPROCESSOR_DEFINITIONS = (
					"DEBUG=1",
					"$(inherited)",
				);
				GCC_WARN_64_TO_32_BIT_CONVERSION = YES;
				GCC_WARN_ABOUT_RETURN_TYPE = YES_ERROR;
				GCC_WARN_UNDECLARED_SELECTOR = YES;
				GCC_WARN_UNINITIALIZED_AUTOS = YES_AGGRESSIVE;
				GCC_WARN_UNUSED_FUNCTION = YES;
				GCC_WARN_UNUSED_VARIABLE = YES;
				MACOSX_DEPLOYMENT_TARGET = 10.11;
				MTL_ENABLE_DEBUG_INFO = YES;
				ONLY_ACTIVE_ARCH = YES;
				SDKROOT = macosx;
				SWIFT_OPTIMIZATION_LEVEL = "-Onone";
			};
			name = Debug;
		};
		ACA3B0621E5F344300AE8C30 /* Release */ = {
			isa = XCBuildConfiguration;
			buildSettings = {
				ALWAYS_SEARCH_USER_PATHS = NO;
				CLANG_ANALYZER_NONNULL = YES;
				CLANG_CXX_LANGUAGE_STANDARD = "gnu++0x";
				CLANG_CXX_LIBRARY = "libc++";
				CLANG_ENABLE_MODULES = YES;
				CLANG_ENABLE_OBJC_ARC = YES;
				CLANG_WARN_BOOL_CONVERSION = YES;
				CLANG_WARN_CONSTANT_CONVERSION = YES;
				CLANG_WARN_DIRECT_OBJC_ISA_USAGE = YES_ERROR;
				CLANG_WARN_DOCUMENTATION_COMMENTS = YES;
				CLANG_WARN_EMPTY_BODY = YES;
				CLANG_WARN_ENUM_CONVERSION = YES;
				CLANG_WARN_INFINITE_RECURSION = YES;
				CLANG_WARN_INT_CONVERSION = YES;
				CLANG_WARN_OBJC_ROOT_CLASS = YES_ERROR;
				CLANG_WARN_SUSPICIOUS_MOVE = YES;
				CLANG_WARN_UNREACHABLE_CODE = YES;
				CLANG_WARN__DUPLICATE_METHOD_MATCH = YES;
				CODE_SIGN_IDENTITY = "-";
				COPY_PHASE_STRIP = NO;
				DEBUG_INFORMATION_FORMAT = "dwarf-with-dsym";
				ENABLE_NS_ASSERTIONS = NO;
				ENABLE_STRICT_OBJC_MSGSEND = YES;
				GCC_C_LANGUAGE_STANDARD = gnu99;
				GCC_NO_COMMON_BLOCKS = YES;
				GCC_WARN_64_TO_32_BIT_CONVERSION = YES;
				GCC_WARN_ABOUT_RETURN_TYPE = YES_ERROR;
				GCC_WARN_UNDECLARED_SELECTOR = YES;
				GCC_WARN_UNINITIALIZED_AUTOS = YES_AGGRESSIVE;
				GCC_WARN_UNUSED_FUNCTION = YES;
				GCC_WARN_UNUSED_VARIABLE = YES;
				MACOSX_DEPLOYMENT_TARGET = 10.11;
				MTL_ENABLE_DEBUG_INFO = NO;
				SDKROOT = macosx;
			};
			name = Release;
		};
		ACA3B0641E5F344300AE8C30 /* Debug */ = {
			isa = XCBuildConfiguration;
			buildSettings = {
				CODE_SIGN_IDENTITY = "Mac Developer";
				DEVELOPMENT_TEAM = J649878CHW;
				MACOSX_DEPLOYMENT_TARGET = 10.10;
				PRODUCT_NAME = "$(TARGET_NAME)";
				SWIFT_OBJC_BRIDGING_HEADER = "TUIOSwift/MetatoneOSC/TUIOSwift-Bridging-Header.h";
				SWIFT_VERSION = 3.0;
			};
			name = Debug;
		};
		ACA3B0651E5F344300AE8C30 /* Release */ = {
			isa = XCBuildConfiguration;
			buildSettings = {
				CODE_SIGN_IDENTITY = "Mac Developer";
				DEVELOPMENT_TEAM = J649878CHW;
				MACOSX_DEPLOYMENT_TARGET = 10.10;
				PRODUCT_NAME = "$(TARGET_NAME)";
				SWIFT_OBJC_BRIDGING_HEADER = "TUIOSwift/MetatoneOSC/TUIOSwift-Bridging-Header.h";
				SWIFT_VERSION = 3.0;
			};
			name = Release;
		};
/* End XCBuildConfiguration section */

/* Begin XCConfigurationList section */
		ACA3B0571E5F344300AE8C30 /* Build configuration list for PBXProject "TUIOSwift" */ = {
			isa = XCConfigurationList;
			buildConfigurations = (
				ACA3B0611E5F344300AE8C30 /* Debug */,
				ACA3B0621E5F344300AE8C30 /* Release */,
			);
			defaultConfigurationIsVisible = 0;
			defaultConfigurationName = Release;
		};
		ACA3B0631E5F344300AE8C30 /* Build configuration list for PBXNativeTarget "TUIOSwift" */ = {
			isa = XCConfigurationList;
			buildConfigurations = (
				ACA3B0641E5F344300AE8C30 /* Debug */,
				ACA3B0651E5F344300AE8C30 /* Release */,
			);
			defaultConfigurationIsVisible = 0;
			defaultConfigurationName = Release;
		};
/* End XCConfigurationList section */
	};
	rootObject = ACA3B0541E5F344300AE8C30 /* Project object */;
}
